// !$*UTF8*$!
{
	archiveVersion = 1;
	classes = {
	};
	objectVersion = 56;
	objects = {

/* Begin PBXBuildFile section */
		468615847344C6E061915EC4 /* Pods_EmpInfo_EmpInfoUITests.framework in Frameworks */ = {isa = PBXBuildFile; fileRef = 4C32BA8B0EDE302FC1413209 /* Pods_EmpInfo_EmpInfoUITests.framework */; };
		5470B4FB292D34D400238F5E /* AppDelegate.swift in Sources */ = {isa = PBXBuildFile; fileRef = 5470B4FA292D34D400238F5E /* AppDelegate.swift */; };
		5470B4FD292D34D400238F5E /* SceneDelegate.swift in Sources */ = {isa = PBXBuildFile; fileRef = 5470B4FC292D34D400238F5E /* SceneDelegate.swift */; };
		5470B4FF292D34D400238F5E /* ViewController.swift in Sources */ = {isa = PBXBuildFile; fileRef = 5470B4FE292D34D400238F5E /* ViewController.swift */; };
		5470B502292D34D400238F5E /* Main.storyboard in Resources */ = {isa = PBXBuildFile; fileRef = 5470B500292D34D400238F5E /* Main.storyboard */; };
		5470B504292D34D700238F5E /* Assets.xcassets in Resources */ = {isa = PBXBuildFile; fileRef = 5470B503292D34D700238F5E /* Assets.xcassets */; };
		5470B507292D34D700238F5E /* LaunchScreen.storyboard in Resources */ = {isa = PBXBuildFile; fileRef = 5470B505292D34D700238F5E /* LaunchScreen.storyboard */; };
		5470B512292D34D800238F5E /* EmpInfoTests.swift in Sources */ = {isa = PBXBuildFile; fileRef = 5470B511292D34D800238F5E /* EmpInfoTests.swift */; };
		5470B51C292D34D800238F5E /* EmpInfoUITests.swift in Sources */ = {isa = PBXBuildFile; fileRef = 5470B51B292D34D800238F5E /* EmpInfoUITests.swift */; };
		5470B51E292D34D800238F5E /* EmpInfoUITestsLaunchTests.swift in Sources */ = {isa = PBXBuildFile; fileRef = 5470B51D292D34D800238F5E /* EmpInfoUITestsLaunchTests.swift */; };
		54CF0D11292E364000D68806 /* LoginViewController.swift in Sources */ = {isa = PBXBuildFile; fileRef = 54CF0D10292E364000D68806 /* LoginViewController.swift */; };
		54CF0D13292E38A100D68806 /* Employee.swift in Sources */ = {isa = PBXBuildFile; fileRef = 54CF0D12292E38A100D68806 /* Employee.swift */; };
		54CF0D15292E39F600D68806 /* AppCoordinator.swift in Sources */ = {isa = PBXBuildFile; fileRef = 54CF0D14292E39F600D68806 /* AppCoordinator.swift */; };
		54CF0D17292E3C4D00D68806 /* LoginCoordinator.swift in Sources */ = {isa = PBXBuildFile; fileRef = 54CF0D16292E3C4D00D68806 /* LoginCoordinator.swift */; };
		54DED7B4292E46B1000C3359 /* LoginViewModel.swift in Sources */ = {isa = PBXBuildFile; fileRef = 54DED7B3292E46B1000C3359 /* LoginViewModel.swift */; };
		54DED7B6292E67F4000C3359 /* Cedentials.swift in Sources */ = {isa = PBXBuildFile; fileRef = 54DED7B5292E67F4000C3359 /* Cedentials.swift */; };
		E34B52D988651570D6FBFD6E /* Pods_EmpInfo.framework in Frameworks */ = {isa = PBXBuildFile; fileRef = 653C4CA879BC86B1E0C8000D /* Pods_EmpInfo.framework */; };
		E6D237C675D5A5366F0F09F0 /* Pods_EmpInfoTests.framework in Frameworks */ = {isa = PBXBuildFile; fileRef = 9D3F999960625FD5247B07BC /* Pods_EmpInfoTests.framework */; };
/* End PBXBuildFile section */

/* Begin PBXContainerItemProxy section */
		5470B50E292D34D800238F5E /* PBXContainerItemProxy */ = {
			isa = PBXContainerItemProxy;
			containerPortal = 5470B4EF292D34D400238F5E /* Project object */;
			proxyType = 1;
			remoteGlobalIDString = 5470B4F6292D34D400238F5E;
			remoteInfo = EmpInfo;
		};
		5470B518292D34D800238F5E /* PBXContainerItemProxy */ = {
			isa = PBXContainerItemProxy;
			containerPortal = 5470B4EF292D34D400238F5E /* Project object */;
			proxyType = 1;
			remoteGlobalIDString = 5470B4F6292D34D400238F5E;
			remoteInfo = EmpInfo;
		};
/* End PBXContainerItemProxy section */

/* Begin PBXFileReference section */
		1285D794704FE98BDCFB6AF8 /* Pods-EmpInfo-EmpInfoUITests.release.xcconfig */ = {isa = PBXFileReference; includeInIndex = 1; lastKnownFileType = text.xcconfig; name = "Pods-EmpInfo-EmpInfoUITests.release.xcconfig"; path = "Target Support Files/Pods-EmpInfo-EmpInfoUITests/Pods-EmpInfo-EmpInfoUITests.release.xcconfig"; sourceTree = "<group>"; };
		23CAFA0D68509070CBC393FA /* Pods-EmpInfoTests.release.xcconfig */ = {isa = PBXFileReference; includeInIndex = 1; lastKnownFileType = text.xcconfig; name = "Pods-EmpInfoTests.release.xcconfig"; path = "Target Support Files/Pods-EmpInfoTests/Pods-EmpInfoTests.release.xcconfig"; sourceTree = "<group>"; };
		4C32BA8B0EDE302FC1413209 /* Pods_EmpInfo_EmpInfoUITests.framework */ = {isa = PBXFileReference; explicitFileType = wrapper.framework; includeInIndex = 0; path = Pods_EmpInfo_EmpInfoUITests.framework; sourceTree = BUILT_PRODUCTS_DIR; };
		5470B4F7292D34D400238F5E /* EmpInfo.app */ = {isa = PBXFileReference; explicitFileType = wrapper.application; includeInIndex = 0; path = EmpInfo.app; sourceTree = BUILT_PRODUCTS_DIR; };
		5470B4FA292D34D400238F5E /* AppDelegate.swift */ = {isa = PBXFileReference; lastKnownFileType = sourcecode.swift; path = AppDelegate.swift; sourceTree = "<group>"; };
		5470B4FC292D34D400238F5E /* SceneDelegate.swift */ = {isa = PBXFileReference; lastKnownFileType = sourcecode.swift; path = SceneDelegate.swift; sourceTree = "<group>"; };
		5470B4FE292D34D400238F5E /* ViewController.swift */ = {isa = PBXFileReference; lastKnownFileType = sourcecode.swift; path = ViewController.swift; sourceTree = "<group>"; };
		5470B501292D34D400238F5E /* Base */ = {isa = PBXFileReference; lastKnownFileType = file.storyboard; name = Base; path = Base.lproj/Main.storyboard; sourceTree = "<group>"; };
		5470B503292D34D700238F5E /* Assets.xcassets */ = {isa = PBXFileReference; lastKnownFileType = folder.assetcatalog; path = Assets.xcassets; sourceTree = "<group>"; };
		5470B506292D34D700238F5E /* Base */ = {isa = PBXFileReference; lastKnownFileType = file.storyboard; name = Base; path = Base.lproj/LaunchScreen.storyboard; sourceTree = "<group>"; };
		5470B508292D34D700238F5E /* Info.plist */ = {isa = PBXFileReference; lastKnownFileType = text.plist.xml; path = Info.plist; sourceTree = "<group>"; };
		5470B50D292D34D800238F5E /* EmpInfoTests.xctest */ = {isa = PBXFileReference; explicitFileType = wrapper.cfbundle; includeInIndex = 0; path = EmpInfoTests.xctest; sourceTree = BUILT_PRODUCTS_DIR; };
		5470B511292D34D800238F5E /* EmpInfoTests.swift */ = {isa = PBXFileReference; lastKnownFileType = sourcecode.swift; path = EmpInfoTests.swift; sourceTree = "<group>"; };
		5470B517292D34D800238F5E /* EmpInfoUITests.xctest */ = {isa = PBXFileReference; explicitFileType = wrapper.cfbundle; includeInIndex = 0; path = EmpInfoUITests.xctest; sourceTree = BUILT_PRODUCTS_DIR; };
		5470B51B292D34D800238F5E /* EmpInfoUITests.swift */ = {isa = PBXFileReference; lastKnownFileType = sourcecode.swift; path = EmpInfoUITests.swift; sourceTree = "<group>"; };
		5470B51D292D34D800238F5E /* EmpInfoUITestsLaunchTests.swift */ = {isa = PBXFileReference; lastKnownFileType = sourcecode.swift; path = EmpInfoUITestsLaunchTests.swift; sourceTree = "<group>"; };
		54CF0D10292E364000D68806 /* LoginViewController.swift */ = {isa = PBXFileReference; lastKnownFileType = sourcecode.swift; path = LoginViewController.swift; sourceTree = "<group>"; };
		54CF0D12292E38A100D68806 /* Employee.swift */ = {isa = PBXFileReference; lastKnownFileType = sourcecode.swift; path = Employee.swift; sourceTree = "<group>"; };
		54CF0D14292E39F600D68806 /* AppCoordinator.swift */ = {isa = PBXFileReference; lastKnownFileType = sourcecode.swift; path = AppCoordinator.swift; sourceTree = "<group>"; };
		54CF0D16292E3C4D00D68806 /* LoginCoordinator.swift */ = {isa = PBXFileReference; lastKnownFileType = sourcecode.swift; path = LoginCoordinator.swift; sourceTree = "<group>"; };
		54DED7B3292E46B1000C3359 /* LoginViewModel.swift */ = {isa = PBXFileReference; lastKnownFileType = sourcecode.swift; path = LoginViewModel.swift; sourceTree = "<group>"; };
		54DED7B5292E67F4000C3359 /* Cedentials.swift */ = {isa = PBXFileReference; lastKnownFileType = sourcecode.swift; path = Cedentials.swift; sourceTree = "<group>"; };
		653C4CA879BC86B1E0C8000D /* Pods_EmpInfo.framework */ = {isa = PBXFileReference; explicitFileType = wrapper.framework; includeInIndex = 0; path = Pods_EmpInfo.framework; sourceTree = BUILT_PRODUCTS_DIR; };
		68C6525CD68204C7FE6D1510 /* Pods-EmpInfo.debug.xcconfig */ = {isa = PBXFileReference; includeInIndex = 1; lastKnownFileType = text.xcconfig; name = "Pods-EmpInfo.debug.xcconfig"; path = "Target Support Files/Pods-EmpInfo/Pods-EmpInfo.debug.xcconfig"; sourceTree = "<group>"; };
		91AFADEB46E4BF9511D3CCE7 /* Pods-EmpInfo.release.xcconfig */ = {isa = PBXFileReference; includeInIndex = 1; lastKnownFileType = text.xcconfig; name = "Pods-EmpInfo.release.xcconfig"; path = "Target Support Files/Pods-EmpInfo/Pods-EmpInfo.release.xcconfig"; sourceTree = "<group>"; };
		9D3F999960625FD5247B07BC /* Pods_EmpInfoTests.framework */ = {isa = PBXFileReference; explicitFileType = wrapper.framework; includeInIndex = 0; path = Pods_EmpInfoTests.framework; sourceTree = BUILT_PRODUCTS_DIR; };
		AB6182E275A0C0CE32ED568D /* Pods-EmpInfo-EmpInfoUITests.debug.xcconfig */ = {isa = PBXFileReference; includeInIndex = 1; lastKnownFileType = text.xcconfig; name = "Pods-EmpInfo-EmpInfoUITests.debug.xcconfig"; path = "Target Support Files/Pods-EmpInfo-EmpInfoUITests/Pods-EmpInfo-EmpInfoUITests.debug.xcconfig"; sourceTree = "<group>"; };
		ADF8BAF1B12A39D85FC2E2DE /* Pods-EmpInfoTests.debug.xcconfig */ = {isa = PBXFileReference; includeInIndex = 1; lastKnownFileType = text.xcconfig; name = "Pods-EmpInfoTests.debug.xcconfig"; path = "Target Support Files/Pods-EmpInfoTests/Pods-EmpInfoTests.debug.xcconfig"; sourceTree = "<group>"; };
/* End PBXFileReference section */

/* Begin PBXFrameworksBuildPhase section */
		5470B4F4292D34D400238F5E /* Frameworks */ = {
			isa = PBXFrameworksBuildPhase;
			buildActionMask = 2147483647;
			files = (
				E34B52D988651570D6FBFD6E /* Pods_EmpInfo.framework in Frameworks */,
			);
			runOnlyForDeploymentPostprocessing = 0;
		};
		5470B50A292D34D800238F5E /* Frameworks */ = {
			isa = PBXFrameworksBuildPhase;
			buildActionMask = 2147483647;
			files = (
				E6D237C675D5A5366F0F09F0 /* Pods_EmpInfoTests.framework in Frameworks */,
			);
			runOnlyForDeploymentPostprocessing = 0;
		};
		5470B514292D34D800238F5E /* Frameworks */ = {
			isa = PBXFrameworksBuildPhase;
			buildActionMask = 2147483647;
			files = (
				468615847344C6E061915EC4 /* Pods_EmpInfo_EmpInfoUITests.framework in Frameworks */,
			);
			runOnlyForDeploymentPostprocessing = 0;
		};
/* End PBXFrameworksBuildPhase section */

/* Begin PBXGroup section */
		28E52D39D05B1235F6726AAB /* Pods */ = {
			isa = PBXGroup;
			children = (
				68C6525CD68204C7FE6D1510 /* Pods-EmpInfo.debug.xcconfig */,
				91AFADEB46E4BF9511D3CCE7 /* Pods-EmpInfo.release.xcconfig */,
				AB6182E275A0C0CE32ED568D /* Pods-EmpInfo-EmpInfoUITests.debug.xcconfig */,
				1285D794704FE98BDCFB6AF8 /* Pods-EmpInfo-EmpInfoUITests.release.xcconfig */,
				ADF8BAF1B12A39D85FC2E2DE /* Pods-EmpInfoTests.debug.xcconfig */,
				23CAFA0D68509070CBC393FA /* Pods-EmpInfoTests.release.xcconfig */,
			);
			path = Pods;
			sourceTree = "<group>";
		};
		5470B4EE292D34D400238F5E = {
			isa = PBXGroup;
			children = (
				5470B4F9292D34D400238F5E /* EmpInfo */,
				5470B510292D34D800238F5E /* EmpInfoTests */,
				5470B51A292D34D800238F5E /* EmpInfoUITests */,
				5470B4F8292D34D400238F5E /* Products */,
				28E52D39D05B1235F6726AAB /* Pods */,
				B6D3C0F3A7842E76FA2F3E76 /* Frameworks */,
			);
			sourceTree = "<group>";
		};
		5470B4F8292D34D400238F5E /* Products */ = {
			isa = PBXGroup;
			children = (
				5470B4F7292D34D400238F5E /* EmpInfo.app */,
				5470B50D292D34D800238F5E /* EmpInfoTests.xctest */,
				5470B517292D34D800238F5E /* EmpInfoUITests.xctest */,
			);
			name = Products;
			sourceTree = "<group>";
		};
		5470B4F9292D34D400238F5E /* EmpInfo */ = {
			isa = PBXGroup;
			children = (
				5470B4FA292D34D400238F5E /* AppDelegate.swift */,
				5470B4FC292D34D400238F5E /* SceneDelegate.swift */,
				5470B4FE292D34D400238F5E /* ViewController.swift */,
				5470B500292D34D400238F5E /* Main.storyboard */,
				5470B503292D34D700238F5E /* Assets.xcassets */,
				5470B505292D34D700238F5E /* LaunchScreen.storyboard */,
				5470B508292D34D700238F5E /* Info.plist */,
				54DED7B0292E41E0000C3359 /* Login */,
				54CF0D12292E38A100D68806 /* Employee.swift */,
				54CF0D14292E39F600D68806 /* AppCoordinator.swift */,
			);
			path = EmpInfo;
			sourceTree = "<group>";
		};
		5470B510292D34D800238F5E /* EmpInfoTests */ = {
			isa = PBXGroup;
			children = (
				5470B511292D34D800238F5E /* EmpInfoTests.swift */,
			);
			path = EmpInfoTests;
			sourceTree = "<group>";
		};
		5470B51A292D34D800238F5E /* EmpInfoUITests */ = {
			isa = PBXGroup;
			children = (
				5470B51B292D34D800238F5E /* EmpInfoUITests.swift */,
				5470B51D292D34D800238F5E /* EmpInfoUITestsLaunchTests.swift */,
			);
			path = EmpInfoUITests;
			sourceTree = "<group>";
		};
		54DED7B0292E41E0000C3359 /* Login */ = {
			isa = PBXGroup;
			children = (
				54CF0D10292E364000D68806 /* LoginViewController.swift */,
				54CF0D16292E3C4D00D68806 /* LoginCoordinator.swift */,
				54DED7B3292E46B1000C3359 /* LoginViewModel.swift */,
				54DED7B5292E67F4000C3359 /* Cedentials.swift */,
			);
			path = Login;
			sourceTree = "<group>";
		};
		B6D3C0F3A7842E76FA2F3E76 /* Frameworks */ = {
			isa = PBXGroup;
			children = (
				653C4CA879BC86B1E0C8000D /* Pods_EmpInfo.framework */,
				4C32BA8B0EDE302FC1413209 /* Pods_EmpInfo_EmpInfoUITests.framework */,
				9D3F999960625FD5247B07BC /* Pods_EmpInfoTests.framework */,
			);
			name = Frameworks;
			sourceTree = "<group>";
		};
/* End PBXGroup section */

/* Begin PBXNativeTarget section */
		5470B4F6292D34D400238F5E /* EmpInfo */ = {
			isa = PBXNativeTarget;
			buildConfigurationList = 5470B521292D34D800238F5E /* Build configuration list for PBXNativeTarget "EmpInfo" */;
			buildPhases = (
				DEFFF9EB56CDD37A1DC2ECF2 /* [CP] Check Pods Manifest.lock */,
				5470B4F3292D34D400238F5E /* Sources */,
				5470B4F4292D34D400238F5E /* Frameworks */,
				5470B4F5292D34D400238F5E /* Resources */,
				ACEC221D9DD3C69BCE4AE2E6 /* [CP] Embed Pods Frameworks */,
			);
			buildRules = (
			);
			dependencies = (
			);
			name = EmpInfo;
			productName = EmpInfo;
			productReference = 5470B4F7292D34D400238F5E /* EmpInfo.app */;
			productType = "com.apple.product-type.application";
		};
		5470B50C292D34D800238F5E /* EmpInfoTests */ = {
			isa = PBXNativeTarget;
			buildConfigurationList = 5470B524292D34D800238F5E /* Build configuration list for PBXNativeTarget "EmpInfoTests" */;
			buildPhases = (
				C3490D129C9CFF2717C33ED3 /* [CP] Check Pods Manifest.lock */,
				5470B509292D34D800238F5E /* Sources */,
				5470B50A292D34D800238F5E /* Frameworks */,
				5470B50B292D34D800238F5E /* Resources */,
			);
			buildRules = (
			);
			dependencies = (
				5470B50F292D34D800238F5E /* PBXTargetDependency */,
			);
			name = EmpInfoTests;
			productName = EmpInfoTests;
			productReference = 5470B50D292D34D800238F5E /* EmpInfoTests.xctest */;
			productType = "com.apple.product-type.bundle.unit-test";
		};
		5470B516292D34D800238F5E /* EmpInfoUITests */ = {
			isa = PBXNativeTarget;
			buildConfigurationList = 5470B527292D34D800238F5E /* Build configuration list for PBXNativeTarget "EmpInfoUITests" */;
			buildPhases = (
				D137E458A41089B1BD5A40DB /* [CP] Check Pods Manifest.lock */,
				5470B513292D34D800238F5E /* Sources */,
				5470B514292D34D800238F5E /* Frameworks */,
				5470B515292D34D800238F5E /* Resources */,
				7DA476136D3BA60E98123CA5 /* [CP] Embed Pods Frameworks */,
			);
			buildRules = (
			);
			dependencies = (
				5470B519292D34D800238F5E /* PBXTargetDependency */,
			);
			name = EmpInfoUITests;
			productName = EmpInfoUITests;
			productReference = 5470B517292D34D800238F5E /* EmpInfoUITests.xctest */;
			productType = "com.apple.product-type.bundle.ui-testing";
		};
/* End PBXNativeTarget section */

/* Begin PBXProject section */
		5470B4EF292D34D400238F5E /* Project object */ = {
			isa = PBXProject;
			attributes = {
				BuildIndependentTargetsInParallel = 1;
				LastSwiftUpdateCheck = 1410;
				LastUpgradeCheck = 1410;
				TargetAttributes = {
					5470B4F6292D34D400238F5E = {
						CreatedOnToolsVersion = 14.1;
					};
					5470B50C292D34D800238F5E = {
						CreatedOnToolsVersion = 14.1;
						TestTargetID = 5470B4F6292D34D400238F5E;
					};
					5470B516292D34D800238F5E = {
						CreatedOnToolsVersion = 14.1;
						TestTargetID = 5470B4F6292D34D400238F5E;
					};
				};
			};
			buildConfigurationList = 5470B4F2292D34D400238F5E /* Build configuration list for PBXProject "EmpInfo" */;
			compatibilityVersion = "Xcode 14.0";
			developmentRegion = en;
			hasScannedForEncodings = 0;
			knownRegions = (
				en,
				Base,
			);
			mainGroup = 5470B4EE292D34D400238F5E;
			productRefGroup = 5470B4F8292D34D400238F5E /* Products */;
			projectDirPath = "";
			projectRoot = "";
			targets = (
				5470B4F6292D34D400238F5E /* EmpInfo */,
				5470B50C292D34D800238F5E /* EmpInfoTests */,
				5470B516292D34D800238F5E /* EmpInfoUITests */,
			);
		};
/* End PBXProject section */

/* Begin PBXResourcesBuildPhase section */
		5470B4F5292D34D400238F5E /* Resources */ = {
			isa = PBXResourcesBuildPhase;
			buildActionMask = 2147483647;
			files = (
				5470B507292D34D700238F5E /* LaunchScreen.storyboard in Resources */,
				5470B504292D34D700238F5E /* Assets.xcassets in Resources */,
				5470B502292D34D400238F5E /* Main.storyboard in Resources */,
			);
			runOnlyForDeploymentPostprocessing = 0;
		};
		5470B50B292D34D800238F5E /* Resources */ = {
			isa = PBXResourcesBuildPhase;
			buildActionMask = 2147483647;
			files = (
			);
			runOnlyForDeploymentPostprocessing = 0;
		};
		5470B515292D34D800238F5E /* Resources */ = {
			isa = PBXResourcesBuildPhase;
			buildActionMask = 2147483647;
			files = (
			);
			runOnlyForDeploymentPostprocessing = 0;
		};
/* End PBXResourcesBuildPhase section */

/* Begin PBXShellScriptBuildPhase section */
		7DA476136D3BA60E98123CA5 /* [CP] Embed Pods Frameworks */ = {
			isa = PBXShellScriptBuildPhase;
			buildActionMask = 2147483647;
			files = (
			);
			inputFileListPaths = (
				"${PODS_ROOT}/Target Support Files/Pods-EmpInfo-EmpInfoUITests/Pods-EmpInfo-EmpInfoUITests-frameworks-${CONFIGURATION}-input-files.xcfilelist",
			);
			name = "[CP] Embed Pods Frameworks";
			outputFileListPaths = (
				"${PODS_ROOT}/Target Support Files/Pods-EmpInfo-EmpInfoUITests/Pods-EmpInfo-EmpInfoUITests-frameworks-${CONFIGURATION}-output-files.xcfilelist",
			);
			runOnlyForDeploymentPostprocessing = 0;
			shellPath = /bin/sh;
			shellScript = "\"${PODS_ROOT}/Target Support Files/Pods-EmpInfo-EmpInfoUITests/Pods-EmpInfo-EmpInfoUITests-frameworks.sh\"\n";
			showEnvVarsInLog = 0;
		};
		ACEC221D9DD3C69BCE4AE2E6 /* [CP] Embed Pods Frameworks */ = {
			isa = PBXShellScriptBuildPhase;
			buildActionMask = 2147483647;
			files = (
			);
			inputFileListPaths = (
				"${PODS_ROOT}/Target Support Files/Pods-EmpInfo/Pods-EmpInfo-frameworks-${CONFIGURATION}-input-files.xcfilelist",
			);
			name = "[CP] Embed Pods Frameworks";
			outputFileListPaths = (
				"${PODS_ROOT}/Target Support Files/Pods-EmpInfo/Pods-EmpInfo-frameworks-${CONFIGURATION}-output-files.xcfilelist",
			);
			runOnlyForDeploymentPostprocessing = 0;
			shellPath = /bin/sh;
			shellScript = "\"${PODS_ROOT}/Target Support Files/Pods-EmpInfo/Pods-EmpInfo-frameworks.sh\"\n";
			showEnvVarsInLog = 0;
		};
		C3490D129C9CFF2717C33ED3 /* [CP] Check Pods Manifest.lock */ = {
			isa = PBXShellScriptBuildPhase;
			buildActionMask = 2147483647;
			files = (
			);
			inputFileListPaths = (
			);
			inputPaths = (
				"${PODS_PODFILE_DIR_PATH}/Podfile.lock",
				"${PODS_ROOT}/Manifest.lock",
			);
			name = "[CP] Check Pods Manifest.lock";
			outputFileListPaths = (
			);
			outputPaths = (
				"$(DERIVED_FILE_DIR)/Pods-EmpInfoTests-checkManifestLockResult.txt",
			);
			runOnlyForDeploymentPostprocessing = 0;
			shellPath = /bin/sh;
			shellScript = "diff \"${PODS_PODFILE_DIR_PATH}/Podfile.lock\" \"${PODS_ROOT}/Manifest.lock\" > /dev/null\nif [ $? != 0 ] ; then\n    # print error to STDERR\n    echo \"error: The sandbox is not in sync with the Podfile.lock. Run 'pod install' or update your CocoaPods installation.\" >&2\n    exit 1\nfi\n# This output is used by Xcode 'outputs' to avoid re-running this script phase.\necho \"SUCCESS\" > \"${SCRIPT_OUTPUT_FILE_0}\"\n";
			showEnvVarsInLog = 0;
		};
		D137E458A41089B1BD5A40DB /* [CP] Check Pods Manifest.lock */ = {
			isa = PBXShellScriptBuildPhase;
			buildActionMask = 2147483647;
			files = (
			);
			inputFileListPaths = (
			);
			inputPaths = (
				"${PODS_PODFILE_DIR_PATH}/Podfile.lock",
				"${PODS_ROOT}/Manifest.lock",
			);
			name = "[CP] Check Pods Manifest.lock";
			outputFileListPaths = (
			);
			outputPaths = (
				"$(DERIVED_FILE_DIR)/Pods-EmpInfo-EmpInfoUITests-checkManifestLockResult.txt",
			);
			runOnlyForDeploymentPostprocessing = 0;
			shellPath = /bin/sh;
			shellScript = "diff \"${PODS_PODFILE_DIR_PATH}/Podfile.lock\" \"${PODS_ROOT}/Manifest.lock\" > /dev/null\nif [ $? != 0 ] ; then\n    # print error to STDERR\n    echo \"error: The sandbox is not in sync with the Podfile.lock. Run 'pod install' or update your CocoaPods installation.\" >&2\n    exit 1\nfi\n# This output is used by Xcode 'outputs' to avoid re-running this script phase.\necho \"SUCCESS\" > \"${SCRIPT_OUTPUT_FILE_0}\"\n";
			showEnvVarsInLog = 0;
		};
		DEFFF9EB56CDD37A1DC2ECF2 /* [CP] Check Pods Manifest.lock */ = {
			isa = PBXShellScriptBuildPhase;
			buildActionMask = 2147483647;
			files = (
			);
			inputFileListPaths = (
			);
			inputPaths = (
				"${PODS_PODFILE_DIR_PATH}/Podfile.lock",
				"${PODS_ROOT}/Manifest.lock",
			);
			name = "[CP] Check Pods Manifest.lock";
			outputFileListPaths = (
			);
			outputPaths = (
				"$(DERIVED_FILE_DIR)/Pods-EmpInfo-checkManifestLockResult.txt",
			);
			runOnlyForDeploymentPostprocessing = 0;
			shellPath = /bin/sh;
			shellScript = "diff \"${PODS_PODFILE_DIR_PATH}/Podfile.lock\" \"${PODS_ROOT}/Manifest.lock\" > /dev/null\nif [ $? != 0 ] ; then\n    # print error to STDERR\n    echo \"error: The sandbox is not in sync with the Podfile.lock. Run 'pod install' or update your CocoaPods installation.\" >&2\n    exit 1\nfi\n# This output is used by Xcode 'outputs' to avoid re-running this script phase.\necho \"SUCCESS\" > \"${SCRIPT_OUTPUT_FILE_0}\"\n";
			showEnvVarsInLog = 0;
		};
/* End PBXShellScriptBuildPhase section */

/* Begin PBXSourcesBuildPhase section */
		5470B4F3292D34D400238F5E /* Sources */ = {
			isa = PBXSourcesBuildPhase;
			buildActionMask = 2147483647;
			files = (
				54CF0D15292E39F600D68806 /* AppCoordinator.swift in Sources */,
				54CF0D11292E364000D68806 /* LoginViewController.swift in Sources */,
				54CF0D17292E3C4D00D68806 /* LoginCoordinator.swift in Sources */,
				5470B4FF292D34D400238F5E /* ViewController.swift in Sources */,
				5470B4FB292D34D400238F5E /* AppDelegate.swift in Sources */,
				54CF0D13292E38A100D68806 /* Employee.swift in Sources */,
				5470B4FD292D34D400238F5E /* SceneDelegate.swift in Sources */,
				54DED7B4292E46B1000C3359 /* LoginViewModel.swift in Sources */,
				54DED7B6292E67F4000C3359 /* Cedentials.swift in Sources */,
			);
			runOnlyForDeploymentPostprocessing = 0;
		};
		5470B509292D34D800238F5E /* Sources */ = {
			isa = PBXSourcesBuildPhase;
			buildActionMask = 2147483647;
			files = (
				5470B512292D34D800238F5E /* EmpInfoTests.swift in Sources */,
			);
			runOnlyForDeploymentPostprocessing = 0;
		};
		5470B513292D34D800238F5E /* Sources */ = {
			isa = PBXSourcesBuildPhase;
			buildActionMask = 2147483647;
			files = (
				5470B51C292D34D800238F5E /* EmpInfoUITests.swift in Sources */,
				5470B51E292D34D800238F5E /* EmpInfoUITestsLaunchTests.swift in Sources */,
			);
			runOnlyForDeploymentPostprocessing = 0;
		};
/* End PBXSourcesBuildPhase section */

/* Begin PBXTargetDependency section */
		5470B50F292D34D800238F5E /* PBXTargetDependency */ = {
			isa = PBXTargetDependency;
			target = 5470B4F6292D34D400238F5E /* EmpInfo */;
			targetProxy = 5470B50E292D34D800238F5E /* PBXContainerItemProxy */;
		};
		5470B519292D34D800238F5E /* PBXTargetDependency */ = {
			isa = PBXTargetDependency;
			target = 5470B4F6292D34D400238F5E /* EmpInfo */;
			targetProxy = 5470B518292D34D800238F5E /* PBXContainerItemProxy */;
		};
/* End PBXTargetDependency section */

/* Begin PBXVariantGroup section */
		5470B500292D34D400238F5E /* Main.storyboard */ = {
			isa = PBXVariantGroup;
			children = (
				5470B501292D34D400238F5E /* Base */,
			);
			name = Main.storyboard;
			sourceTree = "<group>";
		};
		5470B505292D34D700238F5E /* LaunchScreen.storyboard */ = {
			isa = PBXVariantGroup;
			children = (
				5470B506292D34D700238F5E /* Base */,
			);
			name = LaunchScreen.storyboard;
			sourceTree = "<group>";
		};
/* End PBXVariantGroup section */

/* Begin XCBuildConfiguration section */
		5470B51F292D34D800238F5E /* Debug */ = {
			isa = XCBuildConfiguration;
			buildSettings = {
				ALWAYS_SEARCH_USER_PATHS = NO;
				CLANG_ANALYZER_NONNULL = YES;
				CLANG_ANALYZER_NUMBER_OBJECT_CONVERSION = YES_AGGRESSIVE;
				CLANG_CXX_LANGUAGE_STANDARD = "gnu++20";
				CLANG_ENABLE_MODULES = YES;
				CLANG_ENABLE_OBJC_ARC = YES;
				CLANG_ENABLE_OBJC_WEAK = YES;
				CLANG_WARN_BLOCK_CAPTURE_AUTORELEASING = YES;
				CLANG_WARN_BOOL_CONVERSION = YES;
				CLANG_WARN_COMMA = YES;
				CLANG_WARN_CONSTANT_CONVERSION = YES;
				CLANG_WARN_DEPRECATED_OBJC_IMPLEMENTATIONS = YES;
				CLANG_WARN_DIRECT_OBJC_ISA_USAGE = YES_ERROR;
				CLANG_WARN_DOCUMENTATION_COMMENTS = YES;
				CLANG_WARN_EMPTY_BODY = YES;
				CLANG_WARN_ENUM_CONVERSION = YES;
				CLANG_WARN_INFINITE_RECURSION = YES;
				CLANG_WARN_INT_CONVERSION = YES;
				CLANG_WARN_NON_LITERAL_NULL_CONVERSION = YES;
				CLANG_WARN_OBJC_IMPLICIT_RETAIN_SELF = YES;
				CLANG_WARN_OBJC_LITERAL_CONVERSION = YES;
				CLANG_WARN_OBJC_ROOT_CLASS = YES_ERROR;
				CLANG_WARN_QUOTED_INCLUDE_IN_FRAMEWORK_HEADER = YES;
				CLANG_WARN_RANGE_LOOP_ANALYSIS = YES;
				CLANG_WARN_STRICT_PROTOTYPES = YES;
				CLANG_WARN_SUSPICIOUS_MOVE = YES;
				CLANG_WARN_UNGUARDED_AVAILABILITY = YES_AGGRESSIVE;
				CLANG_WARN_UNREACHABLE_CODE = YES;
				CLANG_WARN__DUPLICATE_METHOD_MATCH = YES;
				COPY_PHASE_STRIP = NO;
				DEBUG_INFORMATION_FORMAT = dwarf;
				ENABLE_STRICT_OBJC_MSGSEND = YES;
				ENABLE_TESTABILITY = YES;
				GCC_C_LANGUAGE_STANDARD = gnu11;
				GCC_DYNAMIC_NO_PIC = NO;
				GCC_NO_COMMON_BLOCKS = YES;
				GCC_OPTIMIZATION_LEVEL = 0;
				GCC_PREPROCESSOR_DEFINITIONS = (
					"DEBUG=1",
					"$(inherited)",
				);
				GCC_WARN_64_TO_32_BIT_CONVERSION = YES;
				GCC_WARN_ABOUT_RETURN_TYPE = YES_ERROR;
				GCC_WARN_UNDECLARED_SELECTOR = YES;
				GCC_WARN_UNINITIALIZED_AUTOS = YES_AGGRESSIVE;
				GCC_WARN_UNUSED_FUNCTION = YES;
				GCC_WARN_UNUSED_VARIABLE = YES;
				IPHONEOS_DEPLOYMENT_TARGET = 16.1;
				MTL_ENABLE_DEBUG_INFO = INCLUDE_SOURCE;
				MTL_FAST_MATH = YES;
				ONLY_ACTIVE_ARCH = YES;
				SDKROOT = iphoneos;
				SWIFT_ACTIVE_COMPILATION_CONDITIONS = DEBUG;
				SWIFT_OPTIMIZATION_LEVEL = "-Onone";
			};
			name = Debug;
		};
		5470B520292D34D800238F5E /* Release */ = {
			isa = XCBuildConfiguration;
			buildSettings = {
				ALWAYS_SEARCH_USER_PATHS = NO;
				CLANG_ANALYZER_NONNULL = YES;
				CLANG_ANALYZER_NUMBER_OBJECT_CONVERSION = YES_AGGRESSIVE;
				CLANG_CXX_LANGUAGE_STANDARD = "gnu++20";
				CLANG_ENABLE_MODULES = YES;
				CLANG_ENABLE_OBJC_ARC = YES;
				CLANG_ENABLE_OBJC_WEAK = YES;
				CLANG_WARN_BLOCK_CAPTURE_AUTORELEASING = YES;
				CLANG_WARN_BOOL_CONVERSION = YES;
				CLANG_WARN_COMMA = YES;
				CLANG_WARN_CONSTANT_CONVERSION = YES;
				CLANG_WARN_DEPRECATED_OBJC_IMPLEMENTATIONS = YES;
				CLANG_WARN_DIRECT_OBJC_ISA_USAGE = YES_ERROR;
				CLANG_WARN_DOCUMENTATION_COMMENTS = YES;
				CLANG_WARN_EMPTY_BODY = YES;
				CLANG_WARN_ENUM_CONVERSION = YES;
				CLANG_WARN_INFINITE_RECURSION = YES;
				CLANG_WARN_INT_CONVERSION = YES;
				CLANG_WARN_NON_LITERAL_NULL_CONVERSION = YES;
				CLANG_WARN_OBJC_IMPLICIT_RETAIN_SELF = YES;
				CLANG_WARN_OBJC_LITERAL_CONVERSION = YES;
				CLANG_WARN_OBJC_ROOT_CLASS = YES_ERROR;
				CLANG_WARN_QUOTED_INCLUDE_IN_FRAMEWORK_HEADER = YES;
				CLANG_WARN_RANGE_LOOP_ANALYSIS = YES;
				CLANG_WARN_STRICT_PROTOTYPES = YES;
				CLANG_WARN_SUSPICIOUS_MOVE = YES;
				CLANG_WARN_UNGUARDED_AVAILABILITY = YES_AGGRESSIVE;
				CLANG_WARN_UNREACHABLE_CODE = YES;
				CLANG_WARN__DUPLICATE_METHOD_MATCH = YES;
				COPY_PHASE_STRIP = NO;
				DEBUG_INFORMATION_FORMAT = "dwarf-with-dsym";
				ENABLE_NS_ASSERTIONS = NO;
				ENABLE_STRICT_OBJC_MSGSEND = YES;
				GCC_C_LANGUAGE_STANDARD = gnu11;
				GCC_NO_COMMON_BLOCKS = YES;
				GCC_WARN_64_TO_32_BIT_CONVERSION = YES;
				GCC_WARN_ABOUT_RETURN_TYPE = YES_ERROR;
				GCC_WARN_UNDECLARED_SELECTOR = YES;
				GCC_WARN_UNINITIALIZED_AUTOS = YES_AGGRESSIVE;
				GCC_WARN_UNUSED_FUNCTION = YES;
				GCC_WARN_UNUSED_VARIABLE = YES;
				IPHONEOS_DEPLOYMENT_TARGET = 16.1;
				MTL_ENABLE_DEBUG_INFO = NO;
				MTL_FAST_MATH = YES;
				SDKROOT = iphoneos;
				SWIFT_COMPILATION_MODE = wholemodule;
				SWIFT_OPTIMIZATION_LEVEL = "-O";
				VALIDATE_PRODUCT = YES;
			};
			name = Release;
		};
		5470B522292D34D800238F5E /* Debug */ = {
			isa = XCBuildConfiguration;
			baseConfigurationReference = 68C6525CD68204C7FE6D1510 /* Pods-EmpInfo.debug.xcconfig */;
			buildSettings = {
				ASSETCATALOG_COMPILER_APPICON_NAME = AppIcon;
				ASSETCATALOG_COMPILER_GLOBAL_ACCENT_COLOR_NAME = AccentColor;
				CODE_SIGN_STYLE = Automatic;
				CURRENT_PROJECT_VERSION = 1;
				DEVELOPMENT_TEAM = H9F7HUSCMC;
				GENERATE_INFOPLIST_FILE = YES;
				INFOPLIST_FILE = EmpInfo/Info.plist;
				INFOPLIST_KEY_UIApplicationSupportsIndirectInputEvents = YES;
				INFOPLIST_KEY_UILaunchStoryboardName = LaunchScreen;
				INFOPLIST_KEY_UIMainStoryboardFile = Main;
				INFOPLIST_KEY_UISupportedInterfaceOrientations_iPad = "UIInterfaceOrientationPortrait UIInterfaceOrientationPortraitUpsideDown UIInterfaceOrientationLandscapeLeft UIInterfaceOrientationLandscapeRight";
				INFOPLIST_KEY_UISupportedInterfaceOrientations_iPhone = "UIInterfaceOrientationPortrait UIInterfaceOrientationLandscapeLeft UIInterfaceOrientationLandscapeRight";
				LD_RUNPATH_SEARCH_PATHS = (
					"$(inherited)",
					"@executable_path/Frameworks",
				);
				MARKETING_VERSION = 1.0;
				PRODUCT_BUNDLE_IDENTIFIER = com.ashu.EmpInfo;
				PRODUCT_NAME = "$(TARGET_NAME)";
				SWIFT_EMIT_LOC_STRINGS = YES;
				SWIFT_VERSION = 5.0;
				TARGETED_DEVICE_FAMILY = "1,2";
			};
			name = Debug;
		};
		5470B523292D34D800238F5E /* Release */ = {
			isa = XCBuildConfiguration;
			baseConfigurationReference = 91AFADEB46E4BF9511D3CCE7 /* Pods-EmpInfo.release.xcconfig */;
			buildSettings = {
				ASSETCATALOG_COMPILER_APPICON_NAME = AppIcon;
				ASSETCATALOG_COMPILER_GLOBAL_ACCENT_COLOR_NAME = AccentColor;
				CODE_SIGN_STYLE = Automatic;
				CURRENT_PROJECT_VERSION = 1;
				DEVELOPMENT_TEAM = H9F7HUSCMC;
				GENERATE_INFOPLIST_FILE = YES;
				INFOPLIST_FILE = EmpInfo/Info.plist;
				INFOPLIST_KEY_UIApplicationSupportsIndirectInputEvents = YES;
				INFOPLIST_KEY_UILaunchStoryboardName = LaunchScreen;
				INFOPLIST_KEY_UIMainStoryboardFile = Main;
				INFOPLIST_KEY_UISupportedInterfaceOrientations_iPad = "UIInterfaceOrientationPortrait UIInterfaceOrientationPortraitUpsideDown UIInterfaceOrientationLandscapeLeft UIInterfaceOrientationLandscapeRight";
				INFOPLIST_KEY_UISupportedInterfaceOrientations_iPhone = "UIInterfaceOrientationPortrait UIInterfaceOrientationLandscapeLeft UIInterfaceOrientationLandscapeRight";
				LD_RUNPATH_SEARCH_PATHS = (
					"$(inherited)",
					"@executable_path/Frameworks",
				);
				MARKETING_VERSION = 1.0;
				PRODUCT_BUNDLE_IDENTIFIER = com.ashu.EmpInfo;
				PRODUCT_NAME = "$(TARGET_NAME)";
				SWIFT_EMIT_LOC_STRINGS = YES;
				SWIFT_VERSION = 5.0;
				TARGETED_DEVICE_FAMILY = "1,2";
			};
			name = Release;
		};
		5470B525292D34D800238F5E /* Debug */ = {
			isa = XCBuildConfiguration;
			baseConfigurationReference = ADF8BAF1B12A39D85FC2E2DE /* Pods-EmpInfoTests.debug.xcconfig */;
			buildSettings = {
				ALWAYS_EMBED_SWIFT_STANDARD_LIBRARIES = YES;
				BUNDLE_LOADER = "$(TEST_HOST)";
				CODE_SIGN_STYLE = Automatic;
				CURRENT_PROJECT_VERSION = 1;
				DEVELOPMENT_TEAM = H9F7HUSCMC;
				GENERATE_INFOPLIST_FILE = YES;
				IPHONEOS_DEPLOYMENT_TARGET = 16.1;
				MARKETING_VERSION = 1.0;
				PRODUCT_BUNDLE_IDENTIFIER = com.ashu.EmpInfoTests;
				PRODUCT_NAME = "$(TARGET_NAME)";
				SWIFT_EMIT_LOC_STRINGS = NO;
				SWIFT_VERSION = 5.0;
				TARGETED_DEVICE_FAMILY = "1,2";
				TEST_HOST = "$(BUILT_PRODUCTS_DIR)/EmpInfo.app/$(BUNDLE_EXECUTABLE_FOLDER_PATH)/EmpInfo";
			};
			name = Debug;
		};
		5470B526292D34D800238F5E /* Release */ = {
			isa = XCBuildConfiguration;
			baseConfigurationReference = 23CAFA0D68509070CBC393FA /* Pods-EmpInfoTests.release.xcconfig */;
			buildSettings = {
				ALWAYS_EMBED_SWIFT_STANDARD_LIBRARIES = YES;
				BUNDLE_LOADER = "$(TEST_HOST)";
				CODE_SIGN_STYLE = Automatic;
				CURRENT_PROJECT_VERSION = 1;
				DEVELOPMENT_TEAM = H9F7HUSCMC;
				GENERATE_INFOPLIST_FILE = YES;
				IPHONEOS_DEPLOYMENT_TARGET = 16.1;
				MARKETING_VERSION = 1.0;
				PRODUCT_BUNDLE_IDENTIFIER = com.ashu.EmpInfoTests;
				PRODUCT_NAME = "$(TARGET_NAME)";
				SWIFT_EMIT_LOC_STRINGS = NO;
				SWIFT_VERSION = 5.0;
				TARGETED_DEVICE_FAMILY = "1,2";
				TEST_HOST = "$(BUILT_PRODUCTS_DIR)/EmpInfo.app/$(BUNDLE_EXECUTABLE_FOLDER_PATH)/EmpInfo";
			};
			name = Release;
		};
		5470B528292D34D800238F5E /* Debug */ = {
			isa = XCBuildConfiguration;
			baseConfigurationReference = AB6182E275A0C0CE32ED568D /* Pods-EmpInfo-EmpInfoUITests.debug.xcconfig */;
			buildSettings = {
				ALWAYS_EMBED_SWIFT_STANDARD_LIBRARIES = YES;
				CODE_SIGN_STYLE = Automatic;
				CURRENT_PROJECT_VERSION = 1;
				DEVELOPMENT_TEAM = H9F7HUSCMC;
				GENERATE_INFOPLIST_FILE = YES;
				MARKETING_VERSION = 1.0;
				PRODUCT_BUNDLE_IDENTIFIER = com.ashu.EmpInfoUITests;
				PRODUCT_NAME = "$(TARGET_NAME)";
				SWIFT_EMIT_LOC_STRINGS = NO;
				SWIFT_VERSION = 5.0;
				TARGETED_DEVICE_FAMILY = "1,2";
				TEST_TARGET_NAME = EmpInfo;
			};
			name = Debug;
		};
		5470B529292D34D800238F5E /* Release */ = {
			isa = XCBuildConfiguration;
			baseConfigurationReference = 1285D794704FE98BDCFB6AF8 /* Pods-EmpInfo-EmpInfoUITests.release.xcconfig */;
			buildSettings = {
				ALWAYS_EMBED_SWIFT_STANDARD_LIBRARIES = YES;
				CODE_SIGN_STYLE = Automatic;
				CURRENT_PROJECT_VERSION = 1;
				DEVELOPMENT_TEAM = H9F7HUSCMC;
				GENERATE_INFOPLIST_FILE = YES;
				MARKETING_VERSION = 1.0;
				PRODUCT_BUNDLE_IDENTIFIER = com.ashu.EmpInfoUITests;
				PRODUCT_NAME = "$(TARGET_NAME)";
				SWIFT_EMIT_LOC_STRINGS = NO;
				SWIFT_VERSION = 5.0;
				TARGETED_DEVICE_FAMILY = "1,2";
				TEST_TARGET_NAME = EmpInfo;
			};
			name = Release;
		};
/* End XCBuildConfiguration section */

/* Begin XCConfigurationList section */
		5470B4F2292D34D400238F5E /* Build configuration list for PBXProject "EmpInfo" */ = {
			isa = XCConfigurationList;
			buildConfigurations = (
				5470B51F292D34D800238F5E /* Debug */,
				5470B520292D34D800238F5E /* Release */,
			);
			defaultConfigurationIsVisible = 0;
			defaultConfigurationName = Release;
		};
		5470B521292D34D800238F5E /* Build configuration list for PBXNativeTarget "EmpInfo" */ = {
			isa = XCConfigurationList;
			buildConfigurations = (
				5470B522292D34D800238F5E /* Debug */,
				5470B523292D34D800238F5E /* Release */,
			);
			defaultConfigurationIsVisible = 0;
			defaultConfigurationName = Release;
		};
		5470B524292D34D800238F5E /* Build configuration list for PBXNativeTarget "EmpInfoTests" */ = {
			isa = XCConfigurationList;
			buildConfigurations = (
				5470B525292D34D800238F5E /* Debug */,
				5470B526292D34D800238F5E /* Release */,
			);
			defaultConfigurationIsVisible = 0;
			defaultConfigurationName = Release;
		};
		5470B527292D34D800238F5E /* Build configuration list for PBXNativeTarget "EmpInfoUITests" */ = {
			isa = XCConfigurationList;
			buildConfigurations = (
				5470B528292D34D800238F5E /* Debug */,
				5470B529292D34D800238F5E /* Release */,
			);
			defaultConfigurationIsVisible = 0;
			defaultConfigurationName = Release;
		};
/* End XCConfigurationList section */
	};
	rootObject = 5470B4EF292D34D400238F5E /* Project object */;
}
